
Microsoft Visual Studio Solution File, Format Version 12.00
# Visual Studio Version 16
VisualStudioVersion = 16.0.30114.105
MinimumVisualStudioVersion = 10.0.40219.1
Project("{FAE04EC0-301F-11D3-BF4B-00C04F79EFBC}") = "bootcamp-dotnet-developer-dio", "bootcamp-dotnet-developer-dio\bootcamp-dotnet-developer-dio.csproj", "{4536FBA8-9C82-4907-95E4-684DDB1F0CF1}"
EndProject
Project("{2150E333-8FDC-42A3-9474-1A3956D46DE8}") = "ExemplosFundamentos", "ExemplosFundamentos", "{E827F0E8-75AB-4F21-B905-CE157C705C19}"
EndProject
Project("{FAE04EC0-301F-11D3-BF4B-00C04F79EFBC}") = "ExemplosFundamentos.Common", "ExemplosFundamentos\ExemplosFundamentos.Common\ExemplosFundamentos.Common.csproj", "{85D9A862-D7FA-467A-AD66-DB1C5E1A818F}"
EndProject
Global
	GlobalSection(SolutionConfigurationPlatforms) = preSolution
		Debug|Any CPU = Debug|Any CPU
		Release|Any CPU = Release|Any CPU
	EndGlobalSection
	GlobalSection(SolutionProperties) = preSolution
		HideSolutionNode = FALSE
	EndGlobalSection
	GlobalSection(ProjectConfigurationPlatforms) = postSolution
		{4536FBA8-9C82-4907-95E4-684DDB1F0CF1}.Debug|Any CPU.ActiveCfg = Debug|Any CPU
		{4536FBA8-9C82-4907-95E4-684DDB1F0CF1}.Debug|Any CPU.Build.0 = Debug|Any CPU
		{4536FBA8-9C82-4907-95E4-684DDB1F0CF1}.Release|Any CPU.ActiveCfg = Release|Any CPU
		{4536FBA8-9C82-4907-95E4-684DDB1F0CF1}.Release|Any CPU.Build.0 = Release|Any CPU
		{85D9A862-D7FA-467A-AD66-DB1C5E1A818F}.Debug|Any CPU.ActiveCfg = Debug|Any CPU
		{85D9A862-D7FA-467A-AD66-DB1C5E1A818F}.Debug|Any CPU.Build.0 = Debug|Any CPU
		{85D9A862-D7FA-467A-AD66-DB1C5E1A818F}.Release|Any CPU.ActiveCfg = Release|Any CPU
		{85D9A862-D7FA-467A-AD66-DB1C5E1A818F}.Release|Any CPU.Build.0 = Release|Any CPU
	EndGlobalSection
	GlobalSection(NestedProjects) = preSolution
		{85D9A862-D7FA-467A-AD66-DB1C5E1A818F} = {E827F0E8-75AB-4F21-B905-CE157C705C19}
	EndGlobalSection
EndGlobal
